
Microsoft Visual Studio Solution File, Format Version 12.00
# Visual Studio Version 17
VisualStudioVersion = 17.13.35818.85 d17.13
MinimumVisualStudioVersion = 10.0.40219.1
Project("{8BC9CEB8-8B4A-11D0-8D11-00A0C91BC942}") = "Классы Лаба 12 1.0", "Классы Лаба 12 1.0.vcxproj", "{92834C7A-E3D6-4C2C-9F06-1ED01ACF070C}"
EndProject
Global
	GlobalSection(SolutionConfigurationPlatforms) = preSolution
		Debug|x64 = Debug|x64
		Debug|x86 = Debug|x86
		Release|x64 = Release|x64
		Release|x86 = Release|x86
	EndGlobalSection
	GlobalSection(ProjectConfigurationPlatforms) = postSolution
		{92834C7A-E3D6-4C2C-9F06-1ED01ACF070C}.Debug|x64.ActiveCfg = Debug|x64
		{92834C7A-E3D6-4C2C-9F06-1ED01ACF070C}.Debug|x64.Build.0 = Debug|x64
		{92834C7A-E3D6-4C2C-9F06-1ED01ACF070C}.Debug|x86.ActiveCfg = Debug|Win32
		{92834C7A-E3D6-4C2C-9F06-1ED01ACF070C}.Debug|x86.Build.0 = Debug|Win32
		{92834C7A-E3D6-4C2C-9F06-1ED01ACF070C}.Release|x64.ActiveCfg = Release|x64
		{92834C7A-E3D6-4C2C-9F06-1ED01ACF070C}.Release|x64.Build.0 = Release|x64
		{92834C7A-E3D6-4C2C-9F06-1ED01ACF070C}.Release|x86.ActiveCfg = Release|Win32
		{92834C7A-E3D6-4C2C-9F06-1ED01ACF070C}.Release|x86.Build.0 = Release|Win32
	EndGlobalSection
	GlobalSection(SolutionProperties) = preSolution
		HideSolutionNode = FALSE
	EndGlobalSection
	GlobalSection(ExtensibilityGlobals) = postSolution
		SolutionGuid = {C515EF4E-AD97-4DFA-964E-3EEB50620720}
	EndGlobalSection
EndGlobal
